
Microsoft Visual Studio Solution File, Format Version 12.00
# Visual Studio Version 16
VisualStudioVersion = 16.0.32602.291
MinimumVisualStudioVersion = 10.0.40219.1
Project("{9A19103F-16F7-4668-BE54-9A1E7A4F7556}") = "MovieCollection", "MovieCollection\MovieCollection.csproj", "{A1EA201A-26B0-4D9B-90CF-C0A58253119F}"
EndProject
Project("{FAE04EC0-301F-11D3-BF4B-00C04F79EFBC}") = "MovieCollectionWPF", "MovieCollectionWPF\MovieCollectionWPF.csproj", "{F6550724-E45F-4F1E-AD79-F8A2E2EEFF84}"
EndProject
Global
	GlobalSection(SolutionConfigurationPlatforms) = preSolution
		Debug|Any CPU = Debug|Any CPU
		Release|Any CPU = Release|Any CPU
	EndGlobalSection
	GlobalSection(ProjectConfigurationPlatforms) = postSolution
		{A1EA201A-26B0-4D9B-90CF-C0A58253119F}.Debug|Any CPU.ActiveCfg = Debug|Any CPU
		{A1EA201A-26B0-4D9B-90CF-C0A58253119F}.Debug|Any CPU.Build.0 = Debug|Any CPU
		{A1EA201A-26B0-4D9B-90CF-C0A58253119F}.Release|Any CPU.ActiveCfg = Release|Any CPU
		{A1EA201A-26B0-4D9B-90CF-C0A58253119F}.Release|Any CPU.Build.0 = Release|Any CPU
		{F6550724-E45F-4F1E-AD79-F8A2E2EEFF84}.Debug|Any CPU.ActiveCfg = Debug|Any CPU
		{F6550724-E45F-4F1E-AD79-F8A2E2EEFF84}.Debug|Any CPU.Build.0 = Debug|Any CPU
		{F6550724-E45F-4F1E-AD79-F8A2E2EEFF84}.Release|Any CPU.ActiveCfg = Release|Any CPU
		{F6550724-E45F-4F1E-AD79-F8A2E2EEFF84}.Release|Any CPU.Build.0 = Release|Any CPU
	EndGlobalSection
	GlobalSection(SolutionProperties) = preSolution
		HideSolutionNode = FALSE
	EndGlobalSection
	GlobalSection(ExtensibilityGlobals) = postSolution
		SolutionGuid = {DBAF12DF-34A2-4ED2-AC66-399EA4BC2499}
	EndGlobalSection
EndGlobal
